
Microsoft Visual Studio Solution File, Format Version 12.00
# Visual Studio 15
VisualStudioVersion = 15.0.28307.1145
MinimumVisualStudioVersion = 10.0.40219.1
Project("{FAE04EC0-301F-11D3-BF4B-00C04F79EFBC}") = "Passaparola Oyunu", "Passaparola Oyunu\Passaparola Oyunu.csproj", "{D903C696-4783-40D7-8D83-F2211802EFA8}"
EndProject
Global
	GlobalSection(SolutionConfigurationPlatforms) = preSolution
		Debug|Any CPU = Debug|Any CPU
		Release|Any CPU = Release|Any CPU
	EndGlobalSection
	GlobalSection(ProjectConfigurationPlatforms) = postSolution
		{D903C696-4783-40D7-8D83-F2211802EFA8}.Debug|Any CPU.ActiveCfg = Debug|Any CPU
		{D903C696-4783-40D7-8D83-F2211802EFA8}.Debug|Any CPU.Build.0 = Debug|Any CPU
		{D903C696-4783-40D7-8D83-F2211802EFA8}.Release|Any CPU.ActiveCfg = Release|Any CPU
		{D903C696-4783-40D7-8D83-F2211802EFA8}.Release|Any CPU.Build.0 = Release|Any CPU
	EndGlobalSection
	GlobalSection(SolutionProperties) = preSolution
		HideSolutionNode = FALSE
	EndGlobalSection
	GlobalSection(ExtensibilityGlobals) = postSolution
		SolutionGuid = {EFD476E6-D2B0-4657-AEE0-B02CEE199212}
	EndGlobalSection
EndGlobal
